
Microsoft Visual Studio Solution File, Format Version 12.00
Project("{FAE04EC0-301F-11D3-BF4B-00C04F79EFBC}") = "SkyboxRender", "SkyboxRender\SkyboxRender.csproj", "{65F52790-F256-45B1-A10F-CDB729BE33BD}"
EndProject
Project("{FAE04EC0-301F-11D3-BF4B-00C04F79EFBC}") = "ConvertToImage", "ConvertToImage\ConvertToImage.csproj", "{0E1BCD9D-94AC-464F-A548-BC491DD5DCD4}"
EndProject
Global
	GlobalSection(SolutionConfigurationPlatforms) = preSolution
		Debug|Any CPU = Debug|Any CPU
		Release|Any CPU = Release|Any CPU
	EndGlobalSection
	GlobalSection(ProjectConfigurationPlatforms) = postSolution
		{65F52790-F256-45B1-A10F-CDB729BE33BD}.Debug|Any CPU.ActiveCfg = Debug|Any CPU
		{65F52790-F256-45B1-A10F-CDB729BE33BD}.Debug|Any CPU.Build.0 = Debug|Any CPU
		{65F52790-F256-45B1-A10F-CDB729BE33BD}.Release|Any CPU.ActiveCfg = Release|Any CPU
		{65F52790-F256-45B1-A10F-CDB729BE33BD}.Release|Any CPU.Build.0 = Release|Any CPU
		{0E1BCD9D-94AC-464F-A548-BC491DD5DCD4}.Debug|Any CPU.ActiveCfg = Debug|Any CPU
		{0E1BCD9D-94AC-464F-A548-BC491DD5DCD4}.Debug|Any CPU.Build.0 = Debug|Any CPU
		{0E1BCD9D-94AC-464F-A548-BC491DD5DCD4}.Release|Any CPU.ActiveCfg = Release|Any CPU
		{0E1BCD9D-94AC-464F-A548-BC491DD5DCD4}.Release|Any CPU.Build.0 = Release|Any CPU
	EndGlobalSection
EndGlobal
